
Microsoft Visual Studio Solution File, Format Version 12.00
# Visual Studio Version 17
VisualStudioVersion = 17.11.35327.3
MinimumVisualStudioVersion = 10.0.40219.1
Project("{FAE04EC0-301F-11D3-BF4B-00C04F79EFBC}") = "TeamSolution", "TeamSolution\TeamSolution.csproj", "{A90248B7-0EFB-42D4-BD9B-69F135C8C9EA}"
EndProject
Global
	GlobalSection(SolutionConfigurationPlatforms) = preSolution
		Debug|Any CPU = Debug|Any CPU
		Release|Any CPU = Release|Any CPU
	EndGlobalSection
	GlobalSection(ProjectConfigurationPlatforms) = postSolution
		{A90248B7-0EFB-42D4-BD9B-69F135C8C9EA}.Debug|Any CPU.ActiveCfg = Debug|Any CPU
		{A90248B7-0EFB-42D4-BD9B-69F135C8C9EA}.Debug|Any CPU.Build.0 = Debug|Any CPU
		{A90248B7-0EFB-42D4-BD9B-69F135C8C9EA}.Release|Any CPU.ActiveCfg = Release|Any CPU
		{A90248B7-0EFB-42D4-BD9B-69F135C8C9EA}.Release|Any CPU.Build.0 = Release|Any CPU
	EndGlobalSection
	GlobalSection(SolutionProperties) = preSolution
		HideSolutionNode = FALSE
	EndGlobalSection
	GlobalSection(ExtensibilityGlobals) = postSolution
		SolutionGuid = {61981F6D-73A8-4191-8DDF-250E12A7F367}
	EndGlobalSection
EndGlobal
